{
  "name": "poker-hand",
  "version": "1.0.0",
  "lockfileVersion": 1,
  "requires": true,
  "dependencies": {
    "greenlet": {
      "version": "1.0.1",
      "resolved": "https://registry.npmjs.org/greenlet/-/greenlet-1.0.1.tgz",
      "integrity": "sha512-srK6gegTVzHkRpLK3fFqJ4tuEeuCut9WzmL8EjKsOOlyKRb1GIWlUg09c832pYKzUWkYa2QDSkyDs47+yfoDQA=="
    },
    "simple-statistics": {
      "version": "6.1.1",
      "resolved": "https://registry.npmjs.org/simple-statistics/-/simple-statistics-6.1.1.tgz",
      "integrity": "sha512-zGwn0DDRa9Zel4H4n2pjTFIyGoAGpnpjrGIctreCxj5XWrcx9v7Xy7270FkC967WMmcvuc8ZU7m0ZG+hGN7gAA=="
    }
  }
}
